
Microsoft Visual Studio Solution File, Format Version 12.00
# Visual Studio Version 17
VisualStudioVersion = 17.2.32630.192
MinimumVisualStudioVersion = 10.0.40219.1
Project("{FAE04EC0-301F-11D3-BF4B-00C04F79EFBC}") = "KampIntro", "KampIntro\KampIntro.csproj", "{FF552290-4A07-4F46-93B3-5E2B45F84ABB}"
EndProject
Project("{FAE04EC0-301F-11D3-BF4B-00C04F79EFBC}") = "Loops", "..\Loops\Loops.csproj", "{FB7D458F-25B0-4A9F-8E9A-5761E6BBE471}"
EndProject
Project("{FAE04EC0-301F-11D3-BF4B-00C04F79EFBC}") = "ClassIntro", "..\ClassIntro\ClassIntro.csproj", "{C5FE25BD-3F24-46D3-A996-69EEC2F9B620}"
EndProject
Project("{FAE04EC0-301F-11D3-BF4B-00C04F79EFBC}") = "Methods", "..\Methods\Methods.csproj", "{98805969-C1BA-44FF-A403-E9ACEA5B9BE9}"
EndProject
Project("{FAE04EC0-301F-11D3-BF4B-00C04F79EFBC}") = "Matematik", "..\Matematik\Matematik.csproj", "{153E1FEC-33CB-46EC-B305-26E49AC7B8F2}"
EndProject
Project("{FAE04EC0-301F-11D3-BF4B-00C04F79EFBC}") = "OOP1", "..\OOP1\OOP1.csproj", "{1C1307FC-58B2-4C74-AFFC-BE66D591A172}"
EndProject
Project("{FAE04EC0-301F-11D3-BF4B-00C04F79EFBC}") = "Collections", "..\Collections\Collections.csproj", "{B16BC803-7312-44D8-8C2E-52CB60B84812}"
EndProject
Project("{FAE04EC0-301F-11D3-BF4B-00C04F79EFBC}") = "GenericsIntro", "..\GenericsIntro\GenericsIntro.csproj", "{2D7E2ECF-286B-4CB5-8EA0-98E4A9A97EE2}"
EndProject
Project("{FAE04EC0-301F-11D3-BF4B-00C04F79EFBC}") = "DegerVeReferansTipler", "DegerVeReferansTipler\DegerVeReferansTipler.csproj", "{5E981626-ECE2-474A-BD3A-7171E86D2686}"
EndProject
Global
	GlobalSection(SolutionConfigurationPlatforms) = preSolution
		Debug|Any CPU = Debug|Any CPU
		Release|Any CPU = Release|Any CPU
	EndGlobalSection
	GlobalSection(ProjectConfigurationPlatforms) = postSolution
		{FF552290-4A07-4F46-93B3-5E2B45F84ABB}.Debug|Any CPU.ActiveCfg = Debug|Any CPU
		{FF552290-4A07-4F46-93B3-5E2B45F84ABB}.Debug|Any CPU.Build.0 = Debug|Any CPU
		{FF552290-4A07-4F46-93B3-5E2B45F84ABB}.Release|Any CPU.ActiveCfg = Release|Any CPU
		{FF552290-4A07-4F46-93B3-5E2B45F84ABB}.Release|Any CPU.Build.0 = Release|Any CPU
		{FB7D458F-25B0-4A9F-8E9A-5761E6BBE471}.Debug|Any CPU.ActiveCfg = Debug|Any CPU
		{FB7D458F-25B0-4A9F-8E9A-5761E6BBE471}.Debug|Any CPU.Build.0 = Debug|Any CPU
		{FB7D458F-25B0-4A9F-8E9A-5761E6BBE471}.Release|Any CPU.ActiveCfg = Release|Any CPU
		{FB7D458F-25B0-4A9F-8E9A-5761E6BBE471}.Release|Any CPU.Build.0 = Release|Any CPU
		{C5FE25BD-3F24-46D3-A996-69EEC2F9B620}.Debug|Any CPU.ActiveCfg = Debug|Any CPU
		{C5FE25BD-3F24-46D3-A996-69EEC2F9B620}.Debug|Any CPU.Build.0 = Debug|Any CPU
		{C5FE25BD-3F24-46D3-A996-69EEC2F9B620}.Release|Any CPU.ActiveCfg = Release|Any CPU
		{C5FE25BD-3F24-46D3-A996-69EEC2F9B620}.Release|Any CPU.Build.0 = Release|Any CPU
		{98805969-C1BA-44FF-A403-E9ACEA5B9BE9}.Debug|Any CPU.ActiveCfg = Debug|Any CPU
		{98805969-C1BA-44FF-A403-E9ACEA5B9BE9}.Debug|Any CPU.Build.0 = Debug|Any CPU
		{98805969-C1BA-44FF-A403-E9ACEA5B9BE9}.Release|Any CPU.ActiveCfg = Release|Any CPU
		{98805969-C1BA-44FF-A403-E9ACEA5B9BE9}.Release|Any CPU.Build.0 = Release|Any CPU
		{153E1FEC-33CB-46EC-B305-26E49AC7B8F2}.Debug|Any CPU.ActiveCfg = Debug|Any CPU
		{153E1FEC-33CB-46EC-B305-26E49AC7B8F2}.Debug|Any CPU.Build.0 = Debug|Any CPU
		{153E1FEC-33CB-46EC-B305-26E49AC7B8F2}.Release|Any CPU.ActiveCfg = Release|Any CPU
		{153E1FEC-33CB-46EC-B305-26E49AC7B8F2}.Release|Any CPU.Build.0 = Release|Any CPU
		{1C1307FC-58B2-4C74-AFFC-BE66D591A172}.Debug|Any CPU.ActiveCfg = Debug|Any CPU
		{1C1307FC-58B2-4C74-AFFC-BE66D591A172}.Debug|Any CPU.Build.0 = Debug|Any CPU
		{1C1307FC-58B2-4C74-AFFC-BE66D591A172}.Release|Any CPU.ActiveCfg = Release|Any CPU
		{1C1307FC-58B2-4C74-AFFC-BE66D591A172}.Release|Any CPU.Build.0 = Release|Any CPU
		{B16BC803-7312-44D8-8C2E-52CB60B84812}.Debug|Any CPU.ActiveCfg = Debug|Any CPU
		{B16BC803-7312-44D8-8C2E-52CB60B84812}.Debug|Any CPU.Build.0 = Debug|Any CPU
		{B16BC803-7312-44D8-8C2E-52CB60B84812}.Release|Any CPU.ActiveCfg = Release|Any CPU
		{B16BC803-7312-44D8-8C2E-52CB60B84812}.Release|Any CPU.Build.0 = Release|Any CPU
		{2D7E2ECF-286B-4CB5-8EA0-98E4A9A97EE2}.Debug|Any CPU.ActiveCfg = Debug|Any CPU
		{2D7E2ECF-286B-4CB5-8EA0-98E4A9A97EE2}.Debug|Any CPU.Build.0 = Debug|Any CPU
		{2D7E2ECF-286B-4CB5-8EA0-98E4A9A97EE2}.Release|Any CPU.ActiveCfg = Release|Any CPU
		{2D7E2ECF-286B-4CB5-8EA0-98E4A9A97EE2}.Release|Any CPU.Build.0 = Release|Any CPU
		{5E981626-ECE2-474A-BD3A-7171E86D2686}.Debug|Any CPU.ActiveCfg = Debug|Any CPU
		{5E981626-ECE2-474A-BD3A-7171E86D2686}.Debug|Any CPU.Build.0 = Debug|Any CPU
		{5E981626-ECE2-474A-BD3A-7171E86D2686}.Release|Any CPU.ActiveCfg = Release|Any CPU
		{5E981626-ECE2-474A-BD3A-7171E86D2686}.Release|Any CPU.Build.0 = Release|Any CPU
	EndGlobalSection
	GlobalSection(SolutionProperties) = preSolution
		HideSolutionNode = FALSE
	EndGlobalSection
	GlobalSection(ExtensibilityGlobals) = postSolution
		SolutionGuid = {B5826320-3365-4026-B98E-6F5186291E63}
	EndGlobalSection
EndGlobal
